{
  "name": "wdatjs",
  "version": "1.0.1",
  "lockfileVersion": 3,
  "requires": true,
  "packages": {
    "": {
      "name": "wdatjs",
      "version": "1.0.1",
      "license": "ISC",
      "dependencies": {
        "wdatjs": "^1.0.1"
      }
    },
    "node_modules/wdatjs": {
      "version": "1.0.1",
      "resolved": "https://registry.npmjs.org/wdatjs/-/wdatjs-1.0.1.tgz",
      "integrity": "sha512-iHlDUNce1OOnyznCZ5VLiqDnni6gMXhrTWzIXFphOa498yBTlwIhy/i+x6J1+IbQSBEVb17O1VnFSuvX/5GMOQ=="
    }
  }
}
